# This file is autogenerated, do not edit; changes may be undone by the next 'dep ensure'.


[[projects]]
  branch = "master"
  name = "github.com/eawsy/aws-lambda-go-core"
  packages = ["service/lambda/runtime"]
  revision = "e26eed6aa244a3d45aa693816a9c5faf39390fcd"

[[projects]]
  name = "github.com/oschwald/geoip2-golang"
  packages = ["."]
  revision = "5b1dc16861f81d05d9836bb21c2d0d65282fc0b8"
  version = "v1.1.0"

[[projects]]
  name = "github.com/oschwald/maxminddb-golang"
  packages = ["."]
  revision = "d19f6d453e836d12ee8fe895d0494421e93ef8c1"
  version = "v1.2.0"

[[projects]]
  branch = "master"
  name = "github.com/tidwall/gjson"
  packages = ["."]
  revision = "4e8f0c7f2819fc0eceeae4d08df9dd92080b1b48"

[[projects]]
  branch = "master"
  name = "github.com/tidwall/match"
  packages = ["."]
  revision = "173748da739a410c5b0b813b956f89ff94730b4c"

[[projects]]
  branch = "master"
  name = "golang.org/x/sys"
  packages = ["unix","windows"]
  revision = "c4489faa6e5ab84c0ef40d6ee878f7a030281f0f"

[solve-meta]
  analyzer-name = "dep"
  analyzer-version = 1
  inputs-digest = "10bb270dd9a60d253787acfa3f1a5da22863566a41d301f97d2c28c6e9597247"
  solver-name = "gps-cdcl"
  solver-version = 1
